PODS:
  - Analytics (3.7.0)
  - KeychainSwift (17.0.0)
  - Kite-Print-SDK (8.2.1):
    - Kite-Print-SDK/Core (= 8.2.1)
    - Photobook (~> 2.1.2)
  - Kite-Print-SDK/Core (8.2.1):
    - Photobook (~> 2.1.2)
  - PayPal-iOS-Dynamic-Loader (1.0.1)
  - Photobook (2.1.2):
    - Analytics (~> 3.7.0)
    - KeychainSwift (~> 17.0.0)
    - PayPal-iOS-Dynamic-Loader
    - SDWebImage (~> 5.2.0)
    - Stripe (~> 18.0.0)
  - PopUpLib (1.0.8)
  - SDWebImage (5.2.5):
    - SDWebImage/Core (= 5.2.5)
  - SDWebImage/Core (5.2.5)
  - Stripe (18.0.0)

DEPENDENCIES:
  - Kite-Print-SDK
  - PopUpLib

SPEC REPOS:
  trunk:
    - Analytics
    - KeychainSwift
    - Kite-Print-SDK
    - PayPal-iOS-Dynamic-Loader
    - Photobook
    - PopUpLib
    - SDWebImage
    - Stripe

SPEC CHECKSUMS:
  Analytics: 77fd5fb102a4a5eedafa2c2b0245ceb7b7c15e45
  KeychainSwift: 9f43f562dffc88af6efadb57d74b14c598eb337f
  Kite-Print-SDK: 846a6a40aa8dd8a88e742676283794f2e9ff4b7d
  PayPal-iOS-Dynamic-Loader: a32db083fe7e8f8d9ad4309e483e369c9a47e5eb
  Photobook: cd264fc74310f065a162aa91a73c411db77ae2ee
  PopUpLib: 3c5055512947a4d732b3c134f9200c4eee2ba8e5
  SDWebImage: 4eabf2fa6695c95c47724214417a9c036c965e4a
  Stripe: 8c9ac6b717a38ed4f373d4db9204cfe8c4120d65

PODFILE CHECKSUM: 643a7a0dfa70782771857f2e7e7c93dee115425e

COCOAPODS: 1.16.2
